
Microsoft Visual Studio Solution File, Format Version 12.00
# Visual Studio Version 16
VisualStudioVersion = 16.0.33801.447
MinimumVisualStudioVersion = 10.0.40219.1
Project("{FAE04EC0-301F-11D3-BF4B-00C04F79EFBC}") = "Lab1_rab2_GorbatovZ.Z_BPI-23-01", "Lab1_rab2_GorbatovZ.Z_BPI-23-01\Lab1_rab2_GorbatovZ.Z_BPI-23-01.csproj", "{B10DE936-ED6F-4658-BE9E-623EBE1D66A5}"
EndProject
Global
	GlobalSection(SolutionConfigurationPlatforms) = preSolution
		Debug|Any CPU = Debug|Any CPU
		Release|Any CPU = Release|Any CPU
	EndGlobalSection
	GlobalSection(ProjectConfigurationPlatforms) = postSolution
		{B10DE936-ED6F-4658-BE9E-623EBE1D66A5}.Debug|Any CPU.ActiveCfg = Debug|Any CPU
		{B10DE936-ED6F-4658-BE9E-623EBE1D66A5}.Debug|Any CPU.Build.0 = Debug|Any CPU
		{B10DE936-ED6F-4658-BE9E-623EBE1D66A5}.Release|Any CPU.ActiveCfg = Release|Any CPU
		{B10DE936-ED6F-4658-BE9E-623EBE1D66A5}.Release|Any CPU.Build.0 = Release|Any CPU
	EndGlobalSection
	GlobalSection(SolutionProperties) = preSolution
		HideSolutionNode = FALSE
	EndGlobalSection
	GlobalSection(ExtensibilityGlobals) = postSolution
		SolutionGuid = {EB395FA6-BA82-4841-B50E-25A0FFF72A5C}
	EndGlobalSection
EndGlobal
